// !$*UTF8*$!
{
	archiveVersion = 1;
	classes = {
	};
	objectVersion = 50;
	objects = {

/* Begin PBXBuildFile section */
		BD794ECA26EAB49000C2342A /* AppDelegate.swift in Sources */ = {isa = PBXBuildFile; fileRef = BD794EC926EAB49000C2342A /* AppDelegate.swift */; };
		BD794ECC26EAB49000C2342A /* SceneDelegate.swift in Sources */ = {isa = PBXBuildFile; fileRef = BD794ECB26EAB49000C2342A /* SceneDelegate.swift */; };
		BD794ECE26EAB49000C2342A /* ViewController.swift in Sources */ = {isa = PBXBuildFile; fileRef = BD794ECD26EAB49000C2342A /* ViewController.swift */; };
		BD794ED126EAB49000C2342A /* Main.storyboard in Resources */ = {isa = PBXBuildFile; fileRef = BD794ECF26EAB49000C2342A /* Main.storyboard */; };
		BD794ED326EAB49300C2342A /* Assets.xcassets in Resources */ = {isa = PBXBuildFile; fileRef = BD794ED226EAB49300C2342A /* Assets.xcassets */; };
		BD794ED626EAB49300C2342A /* LaunchScreen.storyboard in Resources */ = {isa = PBXBuildFile; fileRef = BD794ED426EAB49300C2342A /* LaunchScreen.storyboard */; };
		BD794EE126EAB49300C2342A /* DialaTaskTests.swift in Sources */ = {isa = PBXBuildFile; fileRef = BD794EE026EAB49300C2342A /* DialaTaskTests.swift */; };
		BD794EEC26EAB49300C2342A /* DialaTaskUITests.swift in Sources */ = {isa = PBXBuildFile; fileRef = BD794EEB26EAB49300C2342A /* DialaTaskUITests.swift */; };
/* End PBXBuildFile section */

/* Begin PBXContainerItemProxy section */
		BD794EDD26EAB49300C2342A /* PBXContainerItemProxy */ = {
			isa = PBXContainerItemProxy;
			containerPortal = BD794EBE26EAB49000C2342A /* Project object */;
			proxyType = 1;
			remoteGlobalIDString = BD794EC526EAB49000C2342A;
			remoteInfo = DialaTask;
		};
		BD794EE826EAB49300C2342A /* PBXContainerItemProxy */ = {
			isa = PBXContainerItemProxy;
			containerPortal = BD794EBE26EAB49000C2342A /* Project object */;
			proxyType = 1;
			remoteGlobalIDString = BD794EC526EAB49000C2342A;
			remoteInfo = DialaTask;
		};
/* End PBXContainerItemProxy section */

/* Begin PBXFileReference section */
		BD794EC626EAB49000C2342A /* DialaTask.app */ = {isa = PBXFileReference; explicitFileType = wrapper.application; includeInIndex = 0; path = DialaTask.app; sourceTree = BUILT_PRODUCTS_DIR; };
		BD794EC926EAB49000C2342A /* AppDelegate.swift */ = {isa = PBXFileReference; lastKnownFileType = sourcecode.swift; path = AppDelegate.swift; sourceTree = "<group>"; };
		BD794ECB26EAB49000C2342A /* SceneDelegate.swift */ = {isa = PBXFileReference; lastKnownFileType = sourcecode.swift; path = SceneDelegate.swift; sourceTree = "<group>"; };
		BD794ECD26EAB49000C2342A /* ViewController.swift */ = {isa = PBXFileReference; lastKnownFileType = sourcecode.swift; path = ViewController.swift; sourceTree = "<group>"; };
		BD794ED026EAB49000C2342A /* Base */ = {isa = PBXFileReference; lastKnownFileType = file.storyboard; name = Base; path = Base.lproj/Main.storyboard; sourceTree = "<group>"; };
		BD794ED226EAB49300C2342A /* Assets.xcassets */ = {isa = PBXFileReference; lastKnownFileType = folder.assetcatalog; path = Assets.xcassets; sourceTree = "<group>"; };
		BD794ED526EAB49300C2342A /* Base */ = {isa = PBXFileReference; lastKnownFileType = file.storyboard; name = Base; path = Base.lproj/LaunchScreen.storyboard; sourceTree = "<group>"; };
		BD794ED726EAB49300C2342A /* Info.plist */ = {isa = PBXFileReference; lastKnownFileType = text.plist.xml; path = Info.plist; sourceTree = "<group>"; };
		BD794EDC26EAB49300C2342A /* DialaTaskTests.xctest */ = {isa = PBXFileReference; explicitFileType = wrapper.cfbundle; includeInIndex = 0; path = DialaTaskTests.xctest; sourceTree = BUILT_PRODUCTS_DIR; };
		BD794EE026EAB49300C2342A /* DialaTaskTests.swift */ = {isa = PBXFileReference; lastKnownFileType = sourcecode.swift; path = DialaTaskTests.swift; sourceTree = "<group>"; };
		BD794EE226EAB49300C2342A /* Info.plist */ = {isa = PBXFileReference; lastKnownFileType = text.plist.xml; path = Info.plist; sourceTree = "<group>"; };
		BD794EE726EAB49300C2342A /* DialaTaskUITests.xctest */ = {isa = PBXFileReference; explicitFileType = wrapper.cfbundle; includeInIndex = 0; path = DialaTaskUITests.xctest; sourceTree = BUILT_PRODUCTS_DIR; };
		BD794EEB26EAB49300C2342A /* DialaTaskUITests.swift */ = {isa = PBXFileReference; lastKnownFileType = sourcecode.swift; path = DialaTaskUITests.swift; sourceTree = "<group>"; };
		BD794EED26EAB49300C2342A /* Info.plist */ = {isa = PBXFileReference; lastKnownFileType = text.plist.xml; path = Info.plist; sourceTree = "<group>"; };
/* End PBXFileReference section */

/* Begin PBXFrameworksBuildPhase section */
		BD794EC326EAB49000C2342A /* Frameworks */ = {
			isa = PBXFrameworksBuildPhase;
			buildActionMask = 2147483647;
			files = (
			);
			runOnlyForDeploymentPostprocessing = 0;
		};
		BD794ED926EAB49300C2342A /* Frameworks */ = {
			isa = PBXFrameworksBuildPhase;
			buildActionMask = 2147483647;
			files = (
			);
			runOnlyForDeploymentPostprocessing = 0;
		};
		BD794EE426EAB49300C2342A /* Frameworks */ = {
			isa = PBXFrameworksBuildPhase;
			buildActionMask = 2147483647;
			files = (
			);
			runOnlyForDeploymentPostprocessing = 0;
		};
/* End PBXFrameworksBuildPhase section */

/* Begin PBXGroup section */
		BD794EBD26EAB49000C2342A = {
			isa = PBXGroup;
			children = (
				BD794EC826EAB49000C2342A /* DialaTask */,
				BD794EDF26EAB49300C2342A /* DialaTaskTests */,
				BD794EEA26EAB49300C2342A /* DialaTaskUITests */,
				BD794EC726EAB49000C2342A /* Products */,
			);
			sourceTree = "<group>";
		};
		BD794EC726EAB49000C2342A /* Products */ = {
			isa = PBXGroup;
			children = (
				BD794EC626EAB49000C2342A /* DialaTask.app */,
				BD794EDC26EAB49300C2342A /* DialaTaskTests.xctest */,
				BD794EE726EAB49300C2342A /* DialaTaskUITests.xctest */,
			);
			name = Products;
			sourceTree = "<group>";
		};
		BD794EC826EAB49000C2342A /* DialaTask */ = {
			isa = PBXGroup;
			children = (
				BD794EC926EAB49000C2342A /* AppDelegate.swift */,
				BD794ECB26EAB49000C2342A /* SceneDelegate.swift */,
				BD794ECD26EAB49000C2342A /* ViewController.swift */,
				BD794ECF26EAB49000C2342A /* Main.storyboard */,
				BD794ED226EAB49300C2342A /* Assets.xcassets */,
				BD794ED426EAB49300C2342A /* LaunchScreen.storyboard */,
				BD794ED726EAB49300C2342A /* Info.plist */,
			);
			path = DialaTask;
			sourceTree = "<group>";
		};
		BD794EDF26EAB49300C2342A /* DialaTaskTests */ = {
			isa = PBXGroup;
			children = (
				BD794EE026EAB49300C2342A /* DialaTaskTests.swift */,
				BD794EE226EAB49300C2342A /* Info.plist */,
			);
			path = DialaTaskTests;
			sourceTree = "<group>";
		};
		BD794EEA26EAB49300C2342A /* DialaTaskUITests */ = {
			isa = PBXGroup;
			children = (
				BD794EEB26EAB49300C2342A /* DialaTaskUITests.swift */,
				BD794EED26EAB49300C2342A /* Info.plist */,
			);
			path = DialaTaskUITests;
			sourceTree = "<group>";
		};
/* End PBXGroup section */

/* Begin PBXNativeTarget section */
		BD794EC526EAB49000C2342A /* DialaTask */ = {
			isa = PBXNativeTarget;
			buildConfigurationList = BD794EF026EAB49300C2342A /* Build configuration list for PBXNativeTarget "DialaTask" */;
			buildPhases = (
				BD794EC226EAB49000C2342A /* Sources */,
				BD794EC326EAB49000C2342A /* Frameworks */,
				BD794EC426EAB49000C2342A /* Resources */,
			);
			buildRules = (
			);
			dependencies = (
			);
			name = DialaTask;
			productName = DialaTask;
			productReference = BD794EC626EAB49000C2342A /* DialaTask.app */;
			productType = "com.apple.product-type.application";
		};
		BD794EDB26EAB49300C2342A /* DialaTaskTests */ = {
			isa = PBXNativeTarget;
			buildConfigurationList = BD794EF326EAB49300C2342A /* Build configuration list for PBXNativeTarget "DialaTaskTests" */;
			buildPhases = (
				BD794ED826EAB49300C2342A /* Sources */,
				BD794ED926EAB49300C2342A /* Frameworks */,
				BD794EDA26EAB49300C2342A /* Resources */,
			);
			buildRules = (
			);
			dependencies = (
				BD794EDE26EAB49300C2342A /* PBXTargetDependency */,
			);
			name = DialaTaskTests;
			productName = DialaTaskTests;
			productReference = BD794EDC26EAB49300C2342A /* DialaTaskTests.xctest */;
			productType = "com.apple.product-type.bundle.unit-test";
		};
		BD794EE626EAB49300C2342A /* DialaTaskUITests */ = {
			isa = PBXNativeTarget;
			buildConfigurationList = BD794EF626EAB49300C2342A /* Build configuration list for PBXNativeTarget "DialaTaskUITests" */;
			buildPhases = (
				BD794EE326EAB49300C2342A /* Sources */,
				BD794EE426EAB49300C2342A /* Frameworks */,
				BD794EE526EAB49300C2342A /* Resources */,
			);
			buildRules = (
			);
			dependencies = (
				BD794EE926EAB49300C2342A /* PBXTargetDependency */,
			);
			name = DialaTaskUITests;
			productName = DialaTaskUITests;
			productReference = BD794EE726EAB49300C2342A /* DialaTaskUITests.xctest */;
			productType = "com.apple.product-type.bundle.ui-testing";
		};
/* End PBXNativeTarget section */

/* Begin PBXProject section */
		BD794EBE26EAB49000C2342A /* Project object */ = {
			isa = PBXProject;
			attributes = {
				LastSwiftUpdateCheck = 1250;
				LastUpgradeCheck = 1250;
				TargetAttributes = {
					BD794EC526EAB49000C2342A = {
						CreatedOnToolsVersion = 12.5.1;
					};
					BD794EDB26EAB49300C2342A = {
						CreatedOnToolsVersion = 12.5.1;
						TestTargetID = BD794EC526EAB49000C2342A;
					};
					BD794EE626EAB49300C2342A = {
						CreatedOnToolsVersion = 12.5.1;
						TestTargetID = BD794EC526EAB49000C2342A;
					};
				};
			};
			buildConfigurationList = BD794EC126EAB49000C2342A /* Build configuration list for PBXProject "DialaTask" */;
			compatibilityVersion = "Xcode 9.3";
			developmentRegion = en;
			hasScannedForEncodings = 0;
			knownRegions = (
				en,
				Base,
			);
			mainGroup = BD794EBD26EAB49000C2342A;
			productRefGroup = BD794EC726EAB49000C2342A /* Products */;
			projectDirPath = "";
			projectRoot = "";
			targets = (
				BD794EC526EAB49000C2342A /* DialaTask */,
				BD794EDB26EAB49300C2342A /* DialaTaskTests */,
				BD794EE626EAB49300C2342A /* DialaTaskUITests */,
			);
		};
/* End PBXProject section */

/* Begin PBXResourcesBuildPhase section */
		BD794EC426EAB49000C2342A /* Resources */ = {
			isa = PBXResourcesBuildPhase;
			buildActionMask = 2147483647;
			files = (
				BD794ED626EAB49300C2342A /* LaunchScreen.storyboard in Resources */,
				BD794ED326EAB49300C2342A /* Assets.xcassets in Resources */,
				BD794ED126EAB49000C2342A /* Main.storyboard in Resources */,
			);
			runOnlyForDeploymentPostprocessing = 0;
		};
		BD794EDA26EAB49300C2342A /* Resources */ = {
			isa = PBXResourcesBuildPhase;
			buildActionMask = 2147483647;
			files = (
			);
			runOnlyForDeploymentPostprocessing = 0;
		};
		BD794EE526EAB49300C2342A /* Resources */ = {
			isa = PBXResourcesBuildPhase;
			buildActionMask = 2147483647;
			files = (
			);
			runOnlyForDeploymentPostprocessing = 0;
		};
/* End PBXResourcesBuildPhase section */

/* Begin PBXSourcesBuildPhase section */
		BD794EC226EAB49000C2342A /* Sources */ = {
			isa = PBXSourcesBuildPhase;
			buildActionMask = 2147483647;
			files = (
				BD794ECE26EAB49000C2342A /* ViewController.swift in Sources */,
				BD794ECA26EAB49000C2342A /* AppDelegate.swift in Sources */,
				BD794ECC26EAB49000C2342A /* SceneDelegate.swift in Sources */,
			);
			runOnlyForDeploymentPostprocessing = 0;
		};
		BD794ED826EAB49300C2342A /* Sources */ = {
			isa = PBXSourcesBuildPhase;
			buildActionMask = 2147483647;
			files = (
				BD794EE126EAB49300C2342A /* DialaTaskTests.swift in Sources */,
			);
			runOnlyForDeploymentPostprocessing = 0;
		};
		BD794EE326EAB49300C2342A /* Sources */ = {
			isa = PBXSourcesBuildPhase;
			buildActionMask = 2147483647;
			files = (
				BD794EEC26EAB49300C2342A /* DialaTaskUITests.swift in Sources */,
			);
			runOnlyForDeploymentPostprocessing = 0;
		};
/* End PBXSourcesBuildPhase section */

/* Begin PBXTargetDependency section */
		BD794EDE26EAB49300C2342A /* PBXTargetDependency */ = {
			isa = PBXTargetDependency;
			target = BD794EC526EAB49000C2342A /* DialaTask */;
			targetProxy = BD794EDD26EAB49300C2342A /* PBXContainerItemProxy */;
		};
		BD794EE926EAB49300C2342A /* PBXTargetDependency */ = {
			isa = PBXTargetDependency;
			target = BD794EC526EAB49000C2342A /* DialaTask */;
			targetProxy = BD794EE826EAB49300C2342A /* PBXContainerItemProxy */;
		};
/* End PBXTargetDependency section */

/* Begin PBXVariantGroup section */
		BD794ECF26EAB49000C2342A /* Main.storyboard */ = {
			isa = PBXVariantGroup;
			children = (
				BD794ED026EAB49000C2342A /* Base */,
			);
			name = Main.storyboard;
			sourceTree = "<group>";
		};
		BD794ED426EAB49300C2342A /* LaunchScreen.storyboard */ = {
			isa = PBXVariantGroup;
			children = (
				BD794ED526EAB49300C2342A /* Base */,
			);
			name = LaunchScreen.storyboard;
			sourceTree = "<group>";
		};
/* End PBXVariantGroup section */

/* Begin XCBuildConfiguration section */
		BD794EEE26EAB49300C2342A /* Debug */ = {
			isa = XCBuildConfiguration;
			buildSettings = {
				ALWAYS_SEARCH_USER_PATHS = NO;
				CLANG_ANALYZER_NONNULL = YES;
				CLANG_ANALYZER_NUMBER_OBJECT_CONVERSION = YES_AGGRESSIVE;
				CLANG_CXX_LANGUAGE_STANDARD = "gnu++14";
				CLANG_CXX_LIBRARY = "libc++";
				CLANG_ENABLE_MODULES = YES;
				CLANG_ENABLE_OBJC_ARC = YES;
				CLANG_ENABLE_OBJC_WEAK = YES;
				CLANG_WARN_BLOCK_CAPTURE_AUTORELEASING = YES;
				CLANG_WARN_BOOL_CONVERSION = YES;
				CLANG_WARN_COMMA = YES;
				CLANG_WARN_CONSTANT_CONVERSION = YES;
				CLANG_WARN_DEPRECATED_OBJC_IMPLEMENTATIONS = YES;
				CLANG_WARN_DIRECT_OBJC_ISA_USAGE = YES_ERROR;
				CLANG_WARN_DOCUMENTATION_COMMENTS = YES;
				CLANG_WARN_EMPTY_BODY = YES;
				CLANG_WARN_ENUM_CONVERSION = YES;
				CLANG_WARN_INFINITE_RECURSION = YES;
				CLANG_WARN_INT_CONVERSION = YES;
				CLANG_WARN_NON_LITERAL_NULL_CONVERSION = YES;
				CLANG_WARN_OBJC_IMPLICIT_RETAIN_SELF = YES;
				CLANG_WARN_OBJC_LITERAL_CONVERSION = YES;
				CLANG_WARN_OBJC_ROOT_CLASS = YES_ERROR;
				CLANG_WARN_QUOTED_INCLUDE_IN_FRAMEWORK_HEADER = YES;
				CLANG_WARN_RANGE_LOOP_ANALYSIS = YES;
				CLANG_WARN_STRICT_PROTOTYPES = YES;
				CLANG_WARN_SUSPICIOUS_MOVE = YES;
				CLANG_WARN_UNGUARDED_AVAILABILITY = YES_AGGRESSIVE;
				CLANG_WARN_UNREACHABLE_CODE = YES;
				CLANG_WARN__DUPLICATE_METHOD_MATCH = YES;
				COPY_PHASE_STRIP = NO;
				DEBUG_INFORMATION_FORMAT = dwarf;
				ENABLE_STRICT_OBJC_MSGSEND = YES;
				ENABLE_TESTABILITY = YES;
				GCC_C_LANGUAGE_STANDARD = gnu11;
				GCC_DYNAMIC_NO_PIC = NO;
				GCC_NO_COMMON_BLOCKS = YES;
				GCC_OPTIMIZATION_LEVEL = 0;
				GCC_PREPROCESSOR_DEFINITIONS = (
					"DEBUG=1",
					"$(inherited)",
				);
				GCC_WARN_64_TO_32_BIT_CONVERSION = YES;
				GCC_WARN_ABOUT_RETURN_TYPE = YES_ERROR;
				GCC_WARN_UNDECLARED_SELECTOR = YES;
				GCC_WARN_UNINITIALIZED_AUTOS = YES_AGGRESSIVE;
				GCC_WARN_UNUSED_FUNCTION = YES;
				GCC_WARN_UNUSED_VARIABLE = YES;
				IPHONEOS_DEPLOYMENT_TARGET = 14.5;
				MTL_ENABLE_DEBUG_INFO = INCLUDE_SOURCE;
				MTL_FAST_MATH = YES;
				ONLY_ACTIVE_ARCH = YES;
				SDKROOT = iphoneos;
				SWIFT_ACTIVE_COMPILATION_CONDITIONS = DEBUG;
				SWIFT_OPTIMIZATION_LEVEL = "-Onone";
			};
			name = Debug;
		};
		BD794EEF26EAB49300C2342A /* Release */ = {
			isa = XCBuildConfiguration;
			buildSettings = {
				ALWAYS_SEARCH_USER_PATHS = NO;
				CLANG_ANALYZER_NONNULL = YES;
				CLANG_ANALYZER_NUMBER_OBJECT_CONVERSION = YES_AGGRESSIVE;
				CLANG_CXX_LANGUAGE_STANDARD = "gnu++14";
				CLANG_CXX_LIBRARY = "libc++";
				CLANG_ENABLE_MODULES = YES;
				CLANG_ENABLE_OBJC_ARC = YES;
				CLANG_ENABLE_OBJC_WEAK = YES;
				CLANG_WARN_BLOCK_CAPTURE_AUTORELEASING = YES;
				CLANG_WARN_BOOL_CONVERSION = YES;
				CLANG_WARN_COMMA = YES;
				CLANG_WARN_CONSTANT_CONVERSION = YES;
				CLANG_WARN_DEPRECATED_OBJC_IMPLEMENTATIONS = YES;
				CLANG_WARN_DIRECT_OBJC_ISA_USAGE = YES_ERROR;
				CLANG_WARN_DOCUMENTATION_COMMENTS = YES;
				CLANG_WARN_EMPTY_BODY = YES;
				CLANG_WARN_ENUM_CONVERSION = YES;
				CLANG_WARN_INFINITE_RECURSION = YES;
				CLANG_WARN_INT_CONVERSION = YES;
				CLANG_WARN_NON_LITERAL_NULL_CONVERSION = YES;
				CLANG_WARN_OBJC_IMPLICIT_RETAIN_SELF = YES;
				CLANG_WARN_OBJC_LITERAL_CONVERSION = YES;
				CLANG_WARN_OBJC_ROOT_CLASS = YES_ERROR;
				CLANG_WARN_QUOTED_INCLUDE_IN_FRAMEWORK_HEADER = YES;
				CLANG_WARN_RANGE_LOOP_ANALYSIS = YES;
				CLANG_WARN_STRICT_PROTOTYPES = YES;
				CLANG_WARN_SUSPICIOUS_MOVE = YES;
				CLANG_WARN_UNGUARDED_AVAILABILITY = YES_AGGRESSIVE;
				CLANG_WARN_UNREACHABLE_CODE = YES;
				CLANG_WARN__DUPLICATE_METHOD_MATCH = YES;
				COPY_PHASE_STRIP = NO;
				DEBUG_INFORMATION_FORMAT = "dwarf-with-dsym";
				ENABLE_NS_ASSERTIONS = NO;
				ENABLE_STRICT_OBJC_MSGSEND = YES;
				GCC_C_LANGUAGE_STANDARD = gnu11;
				GCC_NO_COMMON_BLOCKS = YES;
				GCC_WARN_64_TO_32_BIT_CONVERSION = YES;
				GCC_WARN_ABOUT_RETURN_TYPE = YES_ERROR;
				GCC_WARN_UNDECLARED_SELECTOR = YES;
				GCC_WARN_UNINITIALIZED_AUTOS = YES_AGGRESSIVE;
				GCC_WARN_UNUSED_FUNCTION = YES;
				GCC_WARN_UNUSED_VARIABLE = YES;
				IPHONEOS_DEPLOYMENT_TARGET = 14.5;
				MTL_ENABLE_DEBUG_INFO = NO;
				MTL_FAST_MATH = YES;
				SDKROOT = iphoneos;
				SWIFT_COMPILATION_MODE = wholemodule;
				SWIFT_OPTIMIZATION_LEVEL = "-O";
				VALIDATE_PRODUCT = YES;
			};
			name = Release;
		};
		BD794EF126EAB49300C2342A /* Debug */ = {
			isa = XCBuildConfiguration;
			buildSettings = {
				ASSETCATALOG_COMPILER_APPICON_NAME = AppIcon;
				ASSETCATALOG_COMPILER_GLOBAL_ACCENT_COLOR_NAME = AccentColor;
				CODE_SIGN_STYLE = Automatic;
				INFOPLIST_FILE = DialaTask/Info.plist;
				LD_RUNPATH_SEARCH_PATHS = (
					"$(inherited)",
					"@executable_path/Frameworks",
				);
				PRODUCT_BUNDLE_IDENTIFIER = com.diala.DialaTask;
				PRODUCT_NAME = "$(TARGET_NAME)";
				SWIFT_VERSION = 5.0;
				TARGETED_DEVICE_FAMILY = "1,2";
			};
			name = Debug;
		};
		BD794EF226EAB49300C2342A /* Release */ = {
			isa = XCBuildConfiguration;
			buildSettings = {
				ASSETCATALOG_COMPILER_APPICON_NAME = AppIcon;
				ASSETCATALOG_COMPILER_GLOBAL_ACCENT_COLOR_NAME = AccentColor;
				CODE_SIGN_STYLE = Automatic;
				INFOPLIST_FILE = DialaTask/Info.plist;
				LD_RUNPATH_SEARCH_PATHS = (
					"$(inherited)",
					"@executable_path/Frameworks",
				);
				PRODUCT_BUNDLE_IDENTIFIER = com.diala.DialaTask;
				PRODUCT_NAME = "$(TARGET_NAME)";
				SWIFT_VERSION = 5.0;
				TARGETED_DEVICE_FAMILY = "1,2";
			};
			name = Release;
		};
		BD794EF426EAB49300C2342A /* Debug */ = {
			isa = XCBuildConfiguration;
			buildSettings = {
				ALWAYS_EMBED_SWIFT_STANDARD_LIBRARIES = YES;
				BUNDLE_LOADER = "$(TEST_HOST)";
				CODE_SIGN_STYLE = Automatic;
				INFOPLIST_FILE = DialaTaskTests/Info.plist;
				IPHONEOS_DEPLOYMENT_TARGET = 14.5;
				LD_RUNPATH_SEARCH_PATHS = (
					"$(inherited)",
					"@executable_path/Frameworks",
					"@loader_path/Frameworks",
				);
				PRODUCT_BUNDLE_IDENTIFIER = com.diala.DialaTaskTests;
				PRODUCT_NAME = "$(TARGET_NAME)";
				SWIFT_VERSION = 5.0;
				TARGETED_DEVICE_FAMILY = "1,2";
				TEST_HOST = "$(BUILT_PRODUCTS_DIR)/DialaTask.app/DialaTask";
			};
			name = Debug;
		};
		BD794EF526EAB49300C2342A /* Release */ = {
			isa = XCBuildConfiguration;
			buildSettings = {
				ALWAYS_EMBED_SWIFT_STANDARD_LIBRARIES = YES;
				BUNDLE_LOADER = "$(TEST_HOST)";
				CODE_SIGN_STYLE = Automatic;
				INFOPLIST_FILE = DialaTaskTests/Info.plist;
				IPHONEOS_DEPLOYMENT_TARGET = 14.5;
				LD_RUNPATH_SEARCH_PATHS = (
					"$(inherited)",
					"@executable_path/Frameworks",
					"@loader_path/Frameworks",
				);
				PRODUCT_BUNDLE_IDENTIFIER = com.diala.DialaTaskTests;
				PRODUCT_NAME = "$(TARGET_NAME)";
				SWIFT_VERSION = 5.0;
				TARGETED_DEVICE_FAMILY = "1,2";
				TEST_HOST = "$(BUILT_PRODUCTS_DIR)/DialaTask.app/DialaTask";
			};
			name = Release;
		};
		BD794EF726EAB49300C2342A /* Debug */ = {
			isa = XCBuildConfiguration;
			buildSettings = {
				ALWAYS_EMBED_SWIFT_STANDARD_LIBRARIES = YES;
				CODE_SIGN_STYLE = Automatic;
				INFOPLIST_FILE = DialaTaskUITests/Info.plist;
				LD_RUNPATH_SEARCH_PATHS = (
					"$(inherited)",
					"@executable_path/Frameworks",
					"@loader_path/Frameworks",
				);
				PRODUCT_BUNDLE_IDENTIFIER = com.diala.DialaTaskUITests;
				PRODUCT_NAME = "$(TARGET_NAME)";
				SWIFT_VERSION = 5.0;
				TARGETED_DEVICE_FAMILY = "1,2";
				TEST_TARGET_NAME = DialaTask;
			};
			name = Debug;
		};
		BD794EF826EAB49300C2342A /* Release */ = {
			isa = XCBuildConfiguration;
			buildSettings = {
				ALWAYS_EMBED_SWIFT_STANDARD_LIBRARIES = YES;
				CODE_SIGN_STYLE = Automatic;
				INFOPLIST_FILE = DialaTaskUITests/Info.plist;
				LD_RUNPATH_SEARCH_PATHS = (
					"$(inherited)",
					"@executable_path/Frameworks",
					"@loader_path/Frameworks",
				);
				PRODUCT_BUNDLE_IDENTIFIER = com.diala.DialaTaskUITests;
				PRODUCT_NAME = "$(TARGET_NAME)";
				SWIFT_VERSION = 5.0;
				TARGETED_DEVICE_FAMILY = "1,2";
				TEST_TARGET_NAME = DialaTask;
			};
			name = Release;
		};
/* End XCBuildConfiguration section */

/* Begin XCConfigurationList section */
		BD794EC126EAB49000C2342A /* Build configuration list for PBXProject "DialaTask" */ = {
			isa = XCConfigurationList;
			buildConfigurations = (
				BD794EEE26EAB49300C2342A /* Debug */,
				BD794EEF26EAB49300C2342A /* Release */,
			);
			defaultConfigurationIsVisible = 0;
			defaultConfigurationName = Release;
		};
		BD794EF026EAB49300C2342A /* Build configuration list for PBXNativeTarget "DialaTask" */ = {
			isa = XCConfigurationList;
			buildConfigurations = (
				BD794EF126EAB49300C2342A /* Debug */,
				BD794EF226EAB49300C2342A /* Release */,
			);
			defaultConfigurationIsVisible = 0;
			defaultConfigurationName = Release;
		};
		BD794EF326EAB49300C2342A /* Build configuration list for PBXNativeTarget "DialaTaskTests" */ = {
			isa = XCConfigurationList;
			buildConfigurations = (
				BD794EF426EAB49300C2342A /* Debug */,
				BD794EF526EAB49300C2342A /* Release */,
			);
			defaultConfigurationIsVisible = 0;
			defaultConfigurationName = Release;
		};
		BD794EF626EAB49300C2342A /* Build configuration list for PBXNativeTarget "DialaTaskUITests" */ = {
			isa = XCConfigurationList;
			buildConfigurations = (
				BD794EF726EAB49300C2342A /* Debug */,
				BD794EF826EAB49300C2342A /* Release */,
			);
			defaultConfigurationIsVisible = 0;
			defaultConfigurationName = Release;
		};
/* End XCConfigurationList section */
	};
	rootObject = BD794EBE26EAB49000C2342A /* Project object */;
}
