// !$*UTF8*$!
{
	archiveVersion = 1;
	classes = {
	};
	objectVersion = 51;
	objects = {

/* Begin PBXBuildFile section */
		3B4B6878938CC8EB0CE51FA7 /* Pods_DialaTask.framework in Frameworks */ = {isa = PBXBuildFile; fileRef = 657B0AC9A995876FB5C0074D /* Pods_DialaTask.framework */; };
		BD794ECA26EAB49000C2342A /* AppDelegate.swift in Sources */ = {isa = PBXBuildFile; fileRef = BD794EC926EAB49000C2342A /* AppDelegate.swift */; };
		BD794ECE26EAB49000C2342A /* LoginViewController.swift in Sources */ = {isa = PBXBuildFile; fileRef = BD794ECD26EAB49000C2342A /* LoginViewController.swift */; };
		BD794ED126EAB49000C2342A /* Main.storyboard in Resources */ = {isa = PBXBuildFile; fileRef = BD794ECF26EAB49000C2342A /* Main.storyboard */; };
		BD794ED326EAB49300C2342A /* Assets.xcassets in Resources */ = {isa = PBXBuildFile; fileRef = BD794ED226EAB49300C2342A /* Assets.xcassets */; };
		BD794ED626EAB49300C2342A /* LaunchScreen.storyboard in Resources */ = {isa = PBXBuildFile; fileRef = BD794ED426EAB49300C2342A /* LaunchScreen.storyboard */; };
		BD794EFA26EAB9F200C2342A /* RegisterViewController.swift in Sources */ = {isa = PBXBuildFile; fileRef = BD794EF926EAB9F200C2342A /* RegisterViewController.swift */; };
		BD794EFC26EABBED00C2342A /* HomeViewController.swift in Sources */ = {isa = PBXBuildFile; fileRef = BD794EFB26EABBED00C2342A /* HomeViewController.swift */; };
		BD794EFE26EABC3300C2342A /* ImageDetailViewController.swift in Sources */ = {isa = PBXBuildFile; fileRef = BD794EFD26EABC3300C2342A /* ImageDetailViewController.swift */; };
		BD794F0426EABF1C00C2342A /* LoginViewModel.swift in Sources */ = {isa = PBXBuildFile; fileRef = BD794F0326EABF1C00C2342A /* LoginViewModel.swift */; };
		BD794F0626EABF4B00C2342A /* User.swift in Sources */ = {isa = PBXBuildFile; fileRef = BD794F0526EABF4B00C2342A /* User.swift */; };
		BD794F0926EB417400C2342A /* User.xcdatamodeld in Sources */ = {isa = PBXBuildFile; fileRef = BD794F0726EB417400C2342A /* User.xcdatamodeld */; };
		BD794F1326EB42E000C2342A /* CoreDataContextProvider.swift in Sources */ = {isa = PBXBuildFile; fileRef = BD794F1226EB42E000C2342A /* CoreDataContextProvider.swift */; };
		BD794F1626EB435E00C2342A /* Repository.swift in Sources */ = {isa = PBXBuildFile; fileRef = BD794F1526EB435E00C2342A /* Repository.swift */; };
		BD794F1826EB43B800C2342A /* CoreDataRepository.swift in Sources */ = {isa = PBXBuildFile; fileRef = BD794F1726EB43B800C2342A /* CoreDataRepository.swift */; };
		BD794F1A26EB440000C2342A /* UserRepository.swift in Sources */ = {isa = PBXBuildFile; fileRef = BD794F1926EB440000C2342A /* UserRepository.swift */; };
		BD794F1D26EB44D000C2342A /* UserMO.swift in Sources */ = {isa = PBXBuildFile; fileRef = BD794F1C26EB44D000C2342A /* UserMO.swift */; };
		BD794F1F26EB46DF00C2342A /* UnitOfWork.swift in Sources */ = {isa = PBXBuildFile; fileRef = BD794F1E26EB46DF00C2342A /* UnitOfWork.swift */; };
		BD794F2126EB4D4500C2342A /* RegisterViewModel.swift in Sources */ = {isa = PBXBuildFile; fileRef = BD794F2026EB4D4500C2342A /* RegisterViewModel.swift */; };
		BD794F2426EB4DAF00C2342A /* StringExtension.swift in Sources */ = {isa = PBXBuildFile; fileRef = BD794F2326EB4DAF00C2342A /* StringExtension.swift */; };
		BD794F4926EB547800C2342A /* SceneDelegate.swift in Sources */ = {isa = PBXBuildFile; fileRef = BD794F4826EB547800C2342A /* SceneDelegate.swift */; };
/* End PBXBuildFile section */

/* Begin PBXFileReference section */
		27F26D34451009173B00368A /* Pods-DialaTaskTests.release.xcconfig */ = {isa = PBXFileReference; includeInIndex = 1; lastKnownFileType = text.xcconfig; name = "Pods-DialaTaskTests.release.xcconfig"; path = "Target Support Files/Pods-DialaTaskTests/Pods-DialaTaskTests.release.xcconfig"; sourceTree = "<group>"; };
		3FD58F6F65E8283B11CA475A /* Pods-DialaTask.release.xcconfig */ = {isa = PBXFileReference; includeInIndex = 1; lastKnownFileType = text.xcconfig; name = "Pods-DialaTask.release.xcconfig"; path = "Target Support Files/Pods-DialaTask/Pods-DialaTask.release.xcconfig"; sourceTree = "<group>"; };
		5874D2C8063D5E08DABEAD58 /* Pods-DialaTask-DialaTaskUITests.release.xcconfig */ = {isa = PBXFileReference; includeInIndex = 1; lastKnownFileType = text.xcconfig; name = "Pods-DialaTask-DialaTaskUITests.release.xcconfig"; path = "Target Support Files/Pods-DialaTask-DialaTaskUITests/Pods-DialaTask-DialaTaskUITests.release.xcconfig"; sourceTree = "<group>"; };
		657B0AC9A995876FB5C0074D /* Pods_DialaTask.framework */ = {isa = PBXFileReference; explicitFileType = wrapper.framework; includeInIndex = 0; path = Pods_DialaTask.framework; sourceTree = BUILT_PRODUCTS_DIR; };
		9327678FE5F89779D1C4F497 /* Pods_DialaTaskTests.framework */ = {isa = PBXFileReference; explicitFileType = wrapper.framework; includeInIndex = 0; path = Pods_DialaTaskTests.framework; sourceTree = BUILT_PRODUCTS_DIR; };
		BD794EC626EAB49000C2342A /* DialaTask.app */ = {isa = PBXFileReference; explicitFileType = wrapper.application; includeInIndex = 0; path = DialaTask.app; sourceTree = BUILT_PRODUCTS_DIR; };
		BD794EC926EAB49000C2342A /* AppDelegate.swift */ = {isa = PBXFileReference; lastKnownFileType = sourcecode.swift; path = AppDelegate.swift; sourceTree = "<group>"; };
		BD794ECD26EAB49000C2342A /* LoginViewController.swift */ = {isa = PBXFileReference; lastKnownFileType = sourcecode.swift; path = LoginViewController.swift; sourceTree = "<group>"; };
		BD794ED026EAB49000C2342A /* Base */ = {isa = PBXFileReference; lastKnownFileType = file.storyboard; name = Base; path = Base.lproj/Main.storyboard; sourceTree = "<group>"; };
		BD794ED226EAB49300C2342A /* Assets.xcassets */ = {isa = PBXFileReference; lastKnownFileType = folder.assetcatalog; path = Assets.xcassets; sourceTree = "<group>"; };
		BD794ED526EAB49300C2342A /* Base */ = {isa = PBXFileReference; lastKnownFileType = file.storyboard; name = Base; path = Base.lproj/LaunchScreen.storyboard; sourceTree = "<group>"; };
		BD794ED726EAB49300C2342A /* Info.plist */ = {isa = PBXFileReference; lastKnownFileType = text.plist.xml; path = Info.plist; sourceTree = "<group>"; };
		BD794EF926EAB9F200C2342A /* RegisterViewController.swift */ = {isa = PBXFileReference; lastKnownFileType = sourcecode.swift; path = RegisterViewController.swift; sourceTree = "<group>"; };
		BD794EFB26EABBED00C2342A /* HomeViewController.swift */ = {isa = PBXFileReference; lastKnownFileType = sourcecode.swift; path = HomeViewController.swift; sourceTree = "<group>"; };
		BD794EFD26EABC3300C2342A /* ImageDetailViewController.swift */ = {isa = PBXFileReference; lastKnownFileType = sourcecode.swift; path = ImageDetailViewController.swift; sourceTree = "<group>"; };
		BD794F0326EABF1C00C2342A /* LoginViewModel.swift */ = {isa = PBXFileReference; lastKnownFileType = sourcecode.swift; path = LoginViewModel.swift; sourceTree = "<group>"; };
		BD794F0526EABF4B00C2342A /* User.swift */ = {isa = PBXFileReference; lastKnownFileType = sourcecode.swift; path = User.swift; sourceTree = "<group>"; };
		BD794F0826EB417400C2342A /* User.xcdatamodel */ = {isa = PBXFileReference; lastKnownFileType = wrapper.xcdatamodel; path = User.xcdatamodel; sourceTree = "<group>"; };
		BD794F1226EB42E000C2342A /* CoreDataContextProvider.swift */ = {isa = PBXFileReference; lastKnownFileType = sourcecode.swift; path = CoreDataContextProvider.swift; sourceTree = "<group>"; };
		BD794F1526EB435E00C2342A /* Repository.swift */ = {isa = PBXFileReference; lastKnownFileType = sourcecode.swift; path = Repository.swift; sourceTree = "<group>"; };
		BD794F1726EB43B800C2342A /* CoreDataRepository.swift */ = {isa = PBXFileReference; lastKnownFileType = sourcecode.swift; path = CoreDataRepository.swift; sourceTree = "<group>"; };
		BD794F1926EB440000C2342A /* UserRepository.swift */ = {isa = PBXFileReference; lastKnownFileType = sourcecode.swift; path = UserRepository.swift; sourceTree = "<group>"; };
		BD794F1C26EB44D000C2342A /* UserMO.swift */ = {isa = PBXFileReference; lastKnownFileType = sourcecode.swift; path = UserMO.swift; sourceTree = "<group>"; };
		BD794F1E26EB46DF00C2342A /* UnitOfWork.swift */ = {isa = PBXFileReference; lastKnownFileType = sourcecode.swift; path = UnitOfWork.swift; sourceTree = "<group>"; };
		BD794F2026EB4D4500C2342A /* RegisterViewModel.swift */ = {isa = PBXFileReference; lastKnownFileType = sourcecode.swift; path = RegisterViewModel.swift; sourceTree = "<group>"; };
		BD794F2326EB4DAF00C2342A /* StringExtension.swift */ = {isa = PBXFileReference; lastKnownFileType = sourcecode.swift; path = StringExtension.swift; sourceTree = "<group>"; };
		BD794F4826EB547800C2342A /* SceneDelegate.swift */ = {isa = PBXFileReference; lastKnownFileType = sourcecode.swift; path = SceneDelegate.swift; sourceTree = "<group>"; };
		BF1AC42C77A5EBC8BE854A3C /* Pods-DialaTask.debug.xcconfig */ = {isa = PBXFileReference; includeInIndex = 1; lastKnownFileType = text.xcconfig; name = "Pods-DialaTask.debug.xcconfig"; path = "Target Support Files/Pods-DialaTask/Pods-DialaTask.debug.xcconfig"; sourceTree = "<group>"; };
		CEA835DEFB3D0AB9DC4CDC37 /* Pods_DialaTask_DialaTaskUITests.framework */ = {isa = PBXFileReference; explicitFileType = wrapper.framework; includeInIndex = 0; path = Pods_DialaTask_DialaTaskUITests.framework; sourceTree = BUILT_PRODUCTS_DIR; };
		F8FA1C6275F689FF4D776D92 /* Pods-DialaTaskTests.debug.xcconfig */ = {isa = PBXFileReference; includeInIndex = 1; lastKnownFileType = text.xcconfig; name = "Pods-DialaTaskTests.debug.xcconfig"; path = "Target Support Files/Pods-DialaTaskTests/Pods-DialaTaskTests.debug.xcconfig"; sourceTree = "<group>"; };
		FA1C88CD7D29CF143E3EBD29 /* Pods-DialaTask-DialaTaskUITests.debug.xcconfig */ = {isa = PBXFileReference; includeInIndex = 1; lastKnownFileType = text.xcconfig; name = "Pods-DialaTask-DialaTaskUITests.debug.xcconfig"; path = "Target Support Files/Pods-DialaTask-DialaTaskUITests/Pods-DialaTask-DialaTaskUITests.debug.xcconfig"; sourceTree = "<group>"; };
/* End PBXFileReference section */

/* Begin PBXFrameworksBuildPhase section */
		BD794EC326EAB49000C2342A /* Frameworks */ = {
			isa = PBXFrameworksBuildPhase;
			buildActionMask = 2147483647;
			files = (
				3B4B6878938CC8EB0CE51FA7 /* Pods_DialaTask.framework in Frameworks */,
			);
			runOnlyForDeploymentPostprocessing = 0;
		};
/* End PBXFrameworksBuildPhase section */

/* Begin PBXGroup section */
		BD794EBD26EAB49000C2342A = {
			isa = PBXGroup;
			children = (
				BD794EC826EAB49000C2342A /* DialaTask */,
				BD794EC726EAB49000C2342A /* Products */,
				FD5740C592F0353486D08B0D /* Pods */,
				D91D5449226F95CEEAFD1CE5 /* Frameworks */,
			);
			sourceTree = "<group>";
		};
		BD794EC726EAB49000C2342A /* Products */ = {
			isa = PBXGroup;
			children = (
				BD794EC626EAB49000C2342A /* DialaTask.app */,
			);
			name = Products;
			sourceTree = "<group>";
		};
		BD794EC826EAB49000C2342A /* DialaTask */ = {
			isa = PBXGroup;
			children = (
				BD794EC926EAB49000C2342A /* AppDelegate.swift */,
				BD794F4826EB547800C2342A /* SceneDelegate.swift */,
				BD794F0126EABD4000C2342A /* Login */,
				BD794F0026EABD3500C2342A /* Register */,
				BD794F0226EABD4700C2342A /* Home */,
				BD794EFF26EABD2B00C2342A /* ImageDetail */,
				BD794F1B26EB44C200C2342A /* Models */,
				BD794F2226EB4DA000C2342A /* Extensions */,
				BD794F1426EB434B00C2342A /* CoreData */,
				BD794ECF26EAB49000C2342A /* Main.storyboard */,
				BD794ED226EAB49300C2342A /* Assets.xcassets */,
				BD794ED426EAB49300C2342A /* LaunchScreen.storyboard */,
				BD794ED726EAB49300C2342A /* Info.plist */,
				BD794F0726EB417400C2342A /* User.xcdatamodeld */,
			);
			path = DialaTask;
			sourceTree = "<group>";
		};
		BD794EFF26EABD2B00C2342A /* ImageDetail */ = {
			isa = PBXGroup;
			children = (
				BD794EFD26EABC3300C2342A /* ImageDetailViewController.swift */,
			);
			path = ImageDetail;
			sourceTree = "<group>";
		};
		BD794F0026EABD3500C2342A /* Register */ = {
			isa = PBXGroup;
			children = (
				BD794EF926EAB9F200C2342A /* RegisterViewController.swift */,
				BD794F2026EB4D4500C2342A /* RegisterViewModel.swift */,
			);
			path = Register;
			sourceTree = "<group>";
		};
		BD794F0126EABD4000C2342A /* Login */ = {
			isa = PBXGroup;
			children = (
				BD794ECD26EAB49000C2342A /* LoginViewController.swift */,
				BD794F0326EABF1C00C2342A /* LoginViewModel.swift */,
			);
			path = Login;
			sourceTree = "<group>";
		};
		BD794F0226EABD4700C2342A /* Home */ = {
			isa = PBXGroup;
			children = (
				BD794EFB26EABBED00C2342A /* HomeViewController.swift */,
			);
			path = Home;
			sourceTree = "<group>";
		};
		BD794F1426EB434B00C2342A /* CoreData */ = {
			isa = PBXGroup;
			children = (
				BD794F1226EB42E000C2342A /* CoreDataContextProvider.swift */,
				BD794F1526EB435E00C2342A /* Repository.swift */,
				BD794F1726EB43B800C2342A /* CoreDataRepository.swift */,
				BD794F1926EB440000C2342A /* UserRepository.swift */,
				BD794F1E26EB46DF00C2342A /* UnitOfWork.swift */,
			);
			path = CoreData;
			sourceTree = "<group>";
		};
		BD794F1B26EB44C200C2342A /* Models */ = {
			isa = PBXGroup;
			children = (
				BD794F0526EABF4B00C2342A /* User.swift */,
				BD794F1C26EB44D000C2342A /* UserMO.swift */,
			);
			path = Models;
			sourceTree = "<group>";
		};
		BD794F2226EB4DA000C2342A /* Extensions */ = {
			isa = PBXGroup;
			children = (
				BD794F2326EB4DAF00C2342A /* StringExtension.swift */,
			);
			path = Extensions;
			sourceTree = "<group>";
		};
		D91D5449226F95CEEAFD1CE5 /* Frameworks */ = {
			isa = PBXGroup;
			children = (
				657B0AC9A995876FB5C0074D /* Pods_DialaTask.framework */,
				CEA835DEFB3D0AB9DC4CDC37 /* Pods_DialaTask_DialaTaskUITests.framework */,
				9327678FE5F89779D1C4F497 /* Pods_DialaTaskTests.framework */,
			);
			name = Frameworks;
			sourceTree = "<group>";
		};
		FD5740C592F0353486D08B0D /* Pods */ = {
			isa = PBXGroup;
			children = (
				BF1AC42C77A5EBC8BE854A3C /* Pods-DialaTask.debug.xcconfig */,
				3FD58F6F65E8283B11CA475A /* Pods-DialaTask.release.xcconfig */,
				FA1C88CD7D29CF143E3EBD29 /* Pods-DialaTask-DialaTaskUITests.debug.xcconfig */,
				5874D2C8063D5E08DABEAD58 /* Pods-DialaTask-DialaTaskUITests.release.xcconfig */,
				F8FA1C6275F689FF4D776D92 /* Pods-DialaTaskTests.debug.xcconfig */,
				27F26D34451009173B00368A /* Pods-DialaTaskTests.release.xcconfig */,
			);
			path = Pods;
			sourceTree = "<group>";
		};
/* End PBXGroup section */

/* Begin PBXNativeTarget section */
		BD794EC526EAB49000C2342A /* DialaTask */ = {
			isa = PBXNativeTarget;
			buildConfigurationList = BD794EF026EAB49300C2342A /* Build configuration list for PBXNativeTarget "DialaTask" */;
			buildPhases = (
				65405F72C330BD2CB98890FC /* [CP] Check Pods Manifest.lock */,
				BD794EC226EAB49000C2342A /* Sources */,
				BD794EC326EAB49000C2342A /* Frameworks */,
				BD794EC426EAB49000C2342A /* Resources */,
				5173DDFBA40F75D1F9ADAD6F /* [CP] Embed Pods Frameworks */,
			);
			buildRules = (
			);
			dependencies = (
			);
			name = DialaTask;
			productName = DialaTask;
			productReference = BD794EC626EAB49000C2342A /* DialaTask.app */;
			productType = "com.apple.product-type.application";
		};
/* End PBXNativeTarget section */

/* Begin PBXProject section */
		BD794EBE26EAB49000C2342A /* Project object */ = {
			isa = PBXProject;
			attributes = {
				LastSwiftUpdateCheck = 1250;
				LastUpgradeCheck = 1250;
				TargetAttributes = {
					BD794EC526EAB49000C2342A = {
						CreatedOnToolsVersion = 12.5.1;
					};
				};
			};
			buildConfigurationList = BD794EC126EAB49000C2342A /* Build configuration list for PBXProject "DialaTask" */;
			compatibilityVersion = "Xcode 9.3";
			developmentRegion = en;
			hasScannedForEncodings = 0;
			knownRegions = (
				en,
				Base,
			);
			mainGroup = BD794EBD26EAB49000C2342A;
			productRefGroup = BD794EC726EAB49000C2342A /* Products */;
			projectDirPath = "";
			projectRoot = "";
			targets = (
				BD794EC526EAB49000C2342A /* DialaTask */,
			);
		};
/* End PBXProject section */

/* Begin PBXResourcesBuildPhase section */
		BD794EC426EAB49000C2342A /* Resources */ = {
			isa = PBXResourcesBuildPhase;
			buildActionMask = 2147483647;
			files = (
				BD794ED626EAB49300C2342A /* LaunchScreen.storyboard in Resources */,
				BD794ED326EAB49300C2342A /* Assets.xcassets in Resources */,
				BD794ED126EAB49000C2342A /* Main.storyboard in Resources */,
			);
			runOnlyForDeploymentPostprocessing = 0;
		};
/* End PBXResourcesBuildPhase section */

/* Begin PBXShellScriptBuildPhase section */
		5173DDFBA40F75D1F9ADAD6F /* [CP] Embed Pods Frameworks */ = {
			isa = PBXShellScriptBuildPhase;
			buildActionMask = 2147483647;
			files = (
			);
			inputFileListPaths = (
				"${PODS_ROOT}/Target Support Files/Pods-DialaTask/Pods-DialaTask-frameworks-${CONFIGURATION}-input-files.xcfilelist",
			);
			name = "[CP] Embed Pods Frameworks";
			outputFileListPaths = (
				"${PODS_ROOT}/Target Support Files/Pods-DialaTask/Pods-DialaTask-frameworks-${CONFIGURATION}-output-files.xcfilelist",
			);
			runOnlyForDeploymentPostprocessing = 0;
			shellPath = /bin/sh;
			shellScript = "\"${PODS_ROOT}/Target Support Files/Pods-DialaTask/Pods-DialaTask-frameworks.sh\"\n";
			showEnvVarsInLog = 0;
		};
		65405F72C330BD2CB98890FC /* [CP] Check Pods Manifest.lock */ = {
			isa = PBXShellScriptBuildPhase;
			buildActionMask = 2147483647;
			files = (
			);
			inputFileListPaths = (
			);
			inputPaths = (
				"${PODS_PODFILE_DIR_PATH}/Podfile.lock",
				"${PODS_ROOT}/Manifest.lock",
			);
			name = "[CP] Check Pods Manifest.lock";
			outputFileListPaths = (
			);
			outputPaths = (
				"$(DERIVED_FILE_DIR)/Pods-DialaTask-checkManifestLockResult.txt",
			);
			runOnlyForDeploymentPostprocessing = 0;
			shellPath = /bin/sh;
			shellScript = "diff \"${PODS_PODFILE_DIR_PATH}/Podfile.lock\" \"${PODS_ROOT}/Manifest.lock\" > /dev/null\nif [ $? != 0 ] ; then\n    # print error to STDERR\n    echo \"error: The sandbox is not in sync with the Podfile.lock. Run 'pod install' or update your CocoaPods installation.\" >&2\n    exit 1\nfi\n# This output is used by Xcode 'outputs' to avoid re-running this script phase.\necho \"SUCCESS\" > \"${SCRIPT_OUTPUT_FILE_0}\"\n";
			showEnvVarsInLog = 0;
		};
/* End PBXShellScriptBuildPhase section */

/* Begin PBXSourcesBuildPhase section */
		BD794EC226EAB49000C2342A /* Sources */ = {
			isa = PBXSourcesBuildPhase;
			buildActionMask = 2147483647;
			files = (
				BD794F0926EB417400C2342A /* User.xcdatamodeld in Sources */,
				BD794F2126EB4D4500C2342A /* RegisterViewModel.swift in Sources */,
				BD794F1F26EB46DF00C2342A /* UnitOfWork.swift in Sources */,
				BD794EFC26EABBED00C2342A /* HomeViewController.swift in Sources */,
				BD794F2426EB4DAF00C2342A /* StringExtension.swift in Sources */,
				BD794F1A26EB440000C2342A /* UserRepository.swift in Sources */,
				BD794F1D26EB44D000C2342A /* UserMO.swift in Sources */,
				BD794F4926EB547800C2342A /* SceneDelegate.swift in Sources */,
				BD794F0426EABF1C00C2342A /* LoginViewModel.swift in Sources */,
				BD794EFE26EABC3300C2342A /* ImageDetailViewController.swift in Sources */,
				BD794ECE26EAB49000C2342A /* LoginViewController.swift in Sources */,
				BD794F1326EB42E000C2342A /* CoreDataContextProvider.swift in Sources */,
				BD794ECA26EAB49000C2342A /* AppDelegate.swift in Sources */,
				BD794F1626EB435E00C2342A /* Repository.swift in Sources */,
				BD794F1826EB43B800C2342A /* CoreDataRepository.swift in Sources */,
				BD794EFA26EAB9F200C2342A /* RegisterViewController.swift in Sources */,
				BD794F0626EABF4B00C2342A /* User.swift in Sources */,
			);
			runOnlyForDeploymentPostprocessing = 0;
		};
/* End PBXSourcesBuildPhase section */

/* Begin PBXVariantGroup section */
		BD794ECF26EAB49000C2342A /* Main.storyboard */ = {
			isa = PBXVariantGroup;
			children = (
				BD794ED026EAB49000C2342A /* Base */,
			);
			name = Main.storyboard;
			sourceTree = "<group>";
		};
		BD794ED426EAB49300C2342A /* LaunchScreen.storyboard */ = {
			isa = PBXVariantGroup;
			children = (
				BD794ED526EAB49300C2342A /* Base */,
			);
			name = LaunchScreen.storyboard;
			sourceTree = "<group>";
		};
/* End PBXVariantGroup section */

/* Begin XCBuildConfiguration section */
		BD794EEE26EAB49300C2342A /* Debug */ = {
			isa = XCBuildConfiguration;
			buildSettings = {
				ALWAYS_SEARCH_USER_PATHS = NO;
				CLANG_ANALYZER_NONNULL = YES;
				CLANG_ANALYZER_NUMBER_OBJECT_CONVERSION = YES_AGGRESSIVE;
				CLANG_CXX_LANGUAGE_STANDARD = "gnu++14";
				CLANG_CXX_LIBRARY = "libc++";
				CLANG_ENABLE_MODULES = YES;
				CLANG_ENABLE_OBJC_ARC = YES;
				CLANG_ENABLE_OBJC_WEAK = YES;
				CLANG_WARN_BLOCK_CAPTURE_AUTORELEASING = YES;
				CLANG_WARN_BOOL_CONVERSION = YES;
				CLANG_WARN_COMMA = YES;
				CLANG_WARN_CONSTANT_CONVERSION = YES;
				CLANG_WARN_DEPRECATED_OBJC_IMPLEMENTATIONS = YES;
				CLANG_WARN_DIRECT_OBJC_ISA_USAGE = YES_ERROR;
				CLANG_WARN_DOCUMENTATION_COMMENTS = YES;
				CLANG_WARN_EMPTY_BODY = YES;
				CLANG_WARN_ENUM_CONVERSION = YES;
				CLANG_WARN_INFINITE_RECURSION = YES;
				CLANG_WARN_INT_CONVERSION = YES;
				CLANG_WARN_NON_LITERAL_NULL_CONVERSION = YES;
				CLANG_WARN_OBJC_IMPLICIT_RETAIN_SELF = YES;
				CLANG_WARN_OBJC_LITERAL_CONVERSION = YES;
				CLANG_WARN_OBJC_ROOT_CLASS = YES_ERROR;
				CLANG_WARN_QUOTED_INCLUDE_IN_FRAMEWORK_HEADER = YES;
				CLANG_WARN_RANGE_LOOP_ANALYSIS = YES;
				CLANG_WARN_STRICT_PROTOTYPES = YES;
				CLANG_WARN_SUSPICIOUS_MOVE = YES;
				CLANG_WARN_UNGUARDED_AVAILABILITY = YES_AGGRESSIVE;
				CLANG_WARN_UNREACHABLE_CODE = YES;
				CLANG_WARN__DUPLICATE_METHOD_MATCH = YES;
				COPY_PHASE_STRIP = NO;
				DEBUG_INFORMATION_FORMAT = dwarf;
				ENABLE_STRICT_OBJC_MSGSEND = YES;
				ENABLE_TESTABILITY = YES;
				GCC_C_LANGUAGE_STANDARD = gnu11;
				GCC_DYNAMIC_NO_PIC = NO;
				GCC_NO_COMMON_BLOCKS = YES;
				GCC_OPTIMIZATION_LEVEL = 0;
				GCC_PREPROCESSOR_DEFINITIONS = (
					"DEBUG=1",
					"$(inherited)",
				);
				GCC_WARN_64_TO_32_BIT_CONVERSION = YES;
				GCC_WARN_ABOUT_RETURN_TYPE = YES_ERROR;
				GCC_WARN_UNDECLARED_SELECTOR = YES;
				GCC_WARN_UNINITIALIZED_AUTOS = YES_AGGRESSIVE;
				GCC_WARN_UNUSED_FUNCTION = YES;
				GCC_WARN_UNUSED_VARIABLE = YES;
				IPHONEOS_DEPLOYMENT_TARGET = 14.5;
				MTL_ENABLE_DEBUG_INFO = INCLUDE_SOURCE;
				MTL_FAST_MATH = YES;
				ONLY_ACTIVE_ARCH = YES;
				SDKROOT = iphoneos;
				SWIFT_ACTIVE_COMPILATION_CONDITIONS = DEBUG;
				SWIFT_OPTIMIZATION_LEVEL = "-Onone";
			};
			name = Debug;
		};
		BD794EEF26EAB49300C2342A /* Release */ = {
			isa = XCBuildConfiguration;
			buildSettings = {
				ALWAYS_SEARCH_USER_PATHS = NO;
				CLANG_ANALYZER_NONNULL = YES;
				CLANG_ANALYZER_NUMBER_OBJECT_CONVERSION = YES_AGGRESSIVE;
				CLANG_CXX_LANGUAGE_STANDARD = "gnu++14";
				CLANG_CXX_LIBRARY = "libc++";
				CLANG_ENABLE_MODULES = YES;
				CLANG_ENABLE_OBJC_ARC = YES;
				CLANG_ENABLE_OBJC_WEAK = YES;
				CLANG_WARN_BLOCK_CAPTURE_AUTORELEASING = YES;
				CLANG_WARN_BOOL_CONVERSION = YES;
				CLANG_WARN_COMMA = YES;
				CLANG_WARN_CONSTANT_CONVERSION = YES;
				CLANG_WARN_DEPRECATED_OBJC_IMPLEMENTATIONS = YES;
				CLANG_WARN_DIRECT_OBJC_ISA_USAGE = YES_ERROR;
				CLANG_WARN_DOCUMENTATION_COMMENTS = YES;
				CLANG_WARN_EMPTY_BODY = YES;
				CLANG_WARN_ENUM_CONVERSION = YES;
				CLANG_WARN_INFINITE_RECURSION = YES;
				CLANG_WARN_INT_CONVERSION = YES;
				CLANG_WARN_NON_LITERAL_NULL_CONVERSION = YES;
				CLANG_WARN_OBJC_IMPLICIT_RETAIN_SELF = YES;
				CLANG_WARN_OBJC_LITERAL_CONVERSION = YES;
				CLANG_WARN_OBJC_ROOT_CLASS = YES_ERROR;
				CLANG_WARN_QUOTED_INCLUDE_IN_FRAMEWORK_HEADER = YES;
				CLANG_WARN_RANGE_LOOP_ANALYSIS = YES;
				CLANG_WARN_STRICT_PROTOTYPES = YES;
				CLANG_WARN_SUSPICIOUS_MOVE = YES;
				CLANG_WARN_UNGUARDED_AVAILABILITY = YES_AGGRESSIVE;
				CLANG_WARN_UNREACHABLE_CODE = YES;
				CLANG_WARN__DUPLICATE_METHOD_MATCH = YES;
				COPY_PHASE_STRIP = NO;
				DEBUG_INFORMATION_FORMAT = "dwarf-with-dsym";
				ENABLE_NS_ASSERTIONS = NO;
				ENABLE_STRICT_OBJC_MSGSEND = YES;
				GCC_C_LANGUAGE_STANDARD = gnu11;
				GCC_NO_COMMON_BLOCKS = YES;
				GCC_WARN_64_TO_32_BIT_CONVERSION = YES;
				GCC_WARN_ABOUT_RETURN_TYPE = YES_ERROR;
				GCC_WARN_UNDECLARED_SELECTOR = YES;
				GCC_WARN_UNINITIALIZED_AUTOS = YES_AGGRESSIVE;
				GCC_WARN_UNUSED_FUNCTION = YES;
				GCC_WARN_UNUSED_VARIABLE = YES;
				IPHONEOS_DEPLOYMENT_TARGET = 14.5;
				MTL_ENABLE_DEBUG_INFO = NO;
				MTL_FAST_MATH = YES;
				SDKROOT = iphoneos;
				SWIFT_COMPILATION_MODE = wholemodule;
				SWIFT_OPTIMIZATION_LEVEL = "-O";
				VALIDATE_PRODUCT = YES;
			};
			name = Release;
		};
		BD794EF126EAB49300C2342A /* Debug */ = {
			isa = XCBuildConfiguration;
			baseConfigurationReference = BF1AC42C77A5EBC8BE854A3C /* Pods-DialaTask.debug.xcconfig */;
			buildSettings = {
				ASSETCATALOG_COMPILER_APPICON_NAME = AppIcon;
				ASSETCATALOG_COMPILER_GLOBAL_ACCENT_COLOR_NAME = AccentColor;
				CODE_SIGN_STYLE = Automatic;
				INFOPLIST_FILE = DialaTask/Info.plist;
				LD_RUNPATH_SEARCH_PATHS = (
					"$(inherited)",
					"@executable_path/Frameworks",
				);
				PRODUCT_BUNDLE_IDENTIFIER = com.diala.DialaTask;
				PRODUCT_NAME = "$(TARGET_NAME)";
				SWIFT_VERSION = 5.0;
				TARGETED_DEVICE_FAMILY = "1,2";
			};
			name = Debug;
		};
		BD794EF226EAB49300C2342A /* Release */ = {
			isa = XCBuildConfiguration;
			baseConfigurationReference = 3FD58F6F65E8283B11CA475A /* Pods-DialaTask.release.xcconfig */;
			buildSettings = {
				ASSETCATALOG_COMPILER_APPICON_NAME = AppIcon;
				ASSETCATALOG_COMPILER_GLOBAL_ACCENT_COLOR_NAME = AccentColor;
				CODE_SIGN_STYLE = Automatic;
				INFOPLIST_FILE = DialaTask/Info.plist;
				LD_RUNPATH_SEARCH_PATHS = (
					"$(inherited)",
					"@executable_path/Frameworks",
				);
				PRODUCT_BUNDLE_IDENTIFIER = com.diala.DialaTask;
				PRODUCT_NAME = "$(TARGET_NAME)";
				SWIFT_VERSION = 5.0;
				TARGETED_DEVICE_FAMILY = "1,2";
			};
			name = Release;
		};
/* End XCBuildConfiguration section */

/* Begin XCConfigurationList section */
		BD794EC126EAB49000C2342A /* Build configuration list for PBXProject "DialaTask" */ = {
			isa = XCConfigurationList;
			buildConfigurations = (
				BD794EEE26EAB49300C2342A /* Debug */,
				BD794EEF26EAB49300C2342A /* Release */,
			);
			defaultConfigurationIsVisible = 0;
			defaultConfigurationName = Release;
		};
		BD794EF026EAB49300C2342A /* Build configuration list for PBXNativeTarget "DialaTask" */ = {
			isa = XCConfigurationList;
			buildConfigurations = (
				BD794EF126EAB49300C2342A /* Debug */,
				BD794EF226EAB49300C2342A /* Release */,
			);
			defaultConfigurationIsVisible = 0;
			defaultConfigurationName = Release;
		};
/* End XCConfigurationList section */

/* Begin XCVersionGroup section */
		BD794F0726EB417400C2342A /* User.xcdatamodeld */ = {
			isa = XCVersionGroup;
			children = (
				BD794F0826EB417400C2342A /* User.xcdatamodel */,
			);
			currentVersion = BD794F0826EB417400C2342A /* User.xcdatamodel */;
			path = User.xcdatamodeld;
			sourceTree = "<group>";
			versionGroupType = wrapper.xcdatamodel;
		};
/* End XCVersionGroup section */
	};
	rootObject = BD794EBE26EAB49000C2342A /* Project object */;
}
